// !$*UTF8*$!
{
	archiveVersion = 1;
	classes = {
	};
	objectVersion = 56;
	objects = {

/* Begin PBXBuildFile section */
		509DB30B2AD9460000E997C0 /* BLELib2.h in Headers */ = {isa = PBXBuildFile; fileRef = 509DB30A2AD9460000E997C0 /* BLELib2.h */; settings = {ATTRIBUTES = (Public, ); }; };
		509DB3132AD9462A00E997C0 /* Main.m in Sources */ = {isa = PBXBuildFile; fileRef = 509DB3112AD9462A00E997C0 /* Main.m */; };
		509DB3142AD9462A00E997C0 /* Main.h in Headers */ = {isa = PBXBuildFile; fileRef = 509DB3122AD9462A00E997C0 /* Main.h */; settings = {ATTRIBUTES = (Public, ); }; };
		50D1E1982ADED304007FC53E /* sw_share.h in Headers */ = {isa = PBXBuildFile; fileRef = 50D1E1972ADED304007FC53E /* sw_share.h */; settings = {ATTRIBUTES = (Public, ); }; };
		50D1E19C2ADEDBBE007FC53E /* AESFunctions.h in Headers */ = {isa = PBXBuildFile; fileRef = 50D1E19B2ADEDBBE007FC53E /* AESFunctions.h */; settings = {ATTRIBUTES = (Public, ); }; };
		50D1E19E2ADEDC9E007FC53E /* AESFunctions.m in Sources */ = {isa = PBXBuildFile; fileRef = 50D1E19D2ADEDC9E007FC53E /* AESFunctions.m */; };
/* End PBXBuildFile section */

/* Begin PBXFileReference section */
		509DB3072AD9460000E997C0 /* BLELib2.framework */ = {isa = PBXFileReference; explicitFileType = wrapper.framework; includeInIndex = 0; path = BLELib2.framework; sourceTree = BUILT_PRODUCTS_DIR; };
		509DB30A2AD9460000E997C0 /* BLELib2.h */ = {isa = PBXFileReference; lastKnownFileType = sourcecode.c.h; path = BLELib2.h; sourceTree = "<group>"; };
		509DB3112AD9462A00E997C0 /* Main.m */ = {isa = PBXFileReference; lastKnownFileType = sourcecode.c.objc; path = Main.m; sourceTree = "<group>"; };
		509DB3122AD9462A00E997C0 /* Main.h */ = {isa = PBXFileReference; lastKnownFileType = sourcecode.c.h; path = Main.h; sourceTree = "<group>"; };
		50D1E1972ADED304007FC53E /* sw_share.h */ = {isa = PBXFileReference; lastKnownFileType = sourcecode.c.h; path = sw_share.h; sourceTree = "<group>"; };
		50D1E19B2ADEDBBE007FC53E /* AESFunctions.h */ = {isa = PBXFileReference; lastKnownFileType = sourcecode.c.h; path = AESFunctions.h; sourceTree = "<group>"; };
		50D1E19D2ADEDC9E007FC53E /* AESFunctions.m */ = {isa = PBXFileReference; lastKnownFileType = sourcecode.c.objc; path = AESFunctions.m; sourceTree = "<group>"; };
/* End PBXFileReference section */

/* Begin PBXFrameworksBuildPhase section */
		509DB3042AD9460000E997C0 /* Frameworks */ = {
			isa = PBXFrameworksBuildPhase;
			buildActionMask = 2147483647;
			files = (
			);
			runOnlyForDeploymentPostprocessing = 0;
		};
/* End PBXFrameworksBuildPhase section */

/* Begin PBXGroup section */
		509DB2FD2AD945FF00E997C0 = {
			isa = PBXGroup;
			children = (
				509DB3092AD9460000E997C0 /* BLELib2 */,
				509DB3082AD9460000E997C0 /* Products */,
			);
			sourceTree = "<group>";
		};
		509DB3082AD9460000E997C0 /* Products */ = {
			isa = PBXGroup;
			children = (
				509DB3072AD9460000E997C0 /* BLELib2.framework */,
			);
			name = Products;
			sourceTree = "<group>";
		};
		509DB3092AD9460000E997C0 /* BLELib2 */ = {
			isa = PBXGroup;
			children = (
				509DB30A2AD9460000E997C0 /* BLELib2.h */,
				509DB3112AD9462A00E997C0 /* Main.m */,
				509DB3122AD9462A00E997C0 /* Main.h */,
				50D1E1972ADED304007FC53E /* sw_share.h */,
				50D1E19D2ADEDC9E007FC53E /* AESFunctions.m */,
				50D1E19B2ADEDBBE007FC53E /* AESFunctions.h */,
			);
			path = BLELib2;
			sourceTree = "<group>";
		};
/* End PBXGroup section */

/* Begin PBXHeadersBuildPhase section */
		509DB3022AD9460000E997C0 /* Headers */ = {
			isa = PBXHeadersBuildPhase;
			buildActionMask = 2147483647;
			files = (
				509DB30B2AD9460000E997C0 /* BLELib2.h in Headers */,
				509DB3142AD9462A00E997C0 /* Main.h in Headers */,
				50D1E19C2ADEDBBE007FC53E /* AESFunctions.h in Headers */,
				50D1E1982ADED304007FC53E /* sw_share.h in Headers */,
			);
			runOnlyForDeploymentPostprocessing = 0;
		};
/* End PBXHeadersBuildPhase section */

/* Begin PBXNativeTarget section */
		509DB3062AD9460000E997C0 /* BLELib2 */ = {
			isa = PBXNativeTarget;
			buildConfigurationList = 509DB30E2AD9460000E997C0 /* Build configuration list for PBXNativeTarget "BLELib2" */;
			buildPhases = (
				509DB3022AD9460000E997C0 /* Headers */,
				509DB3032AD9460000E997C0 /* Sources */,
				509DB3042AD9460000E997C0 /* Frameworks */,
				509DB3052AD9460000E997C0 /* Resources */,
			);
			buildRules = (
			);
			dependencies = (
			);
			name = BLELib2;
			productName = BLELib2;
			productReference = 509DB3072AD9460000E997C0 /* BLELib2.framework */;
			productType = "com.apple.product-type.framework";
		};
/* End PBXNativeTarget section */

/* Begin PBXProject section */
		509DB2FE2AD945FF00E997C0 /* Project object */ = {
			isa = PBXProject;
			attributes = {
				BuildIndependentTargetsInParallel = 1;
				LastUpgradeCheck = 1500;
				TargetAttributes = {
					509DB3062AD9460000E997C0 = {
						CreatedOnToolsVersion = 15.0;
					};
				};
			};
			buildConfigurationList = 509DB3012AD945FF00E997C0 /* Build configuration list for PBXProject "BLELib2" */;
			compatibilityVersion = "Xcode 14.0";
			developmentRegion = en;
			hasScannedForEncodings = 0;
			knownRegions = (
				en,
				Base,
			);
			mainGroup = 509DB2FD2AD945FF00E997C0;
			productRefGroup = 509DB3082AD9460000E997C0 /* Products */;
			projectDirPath = "";
			projectRoot = "";
			targets = (
				509DB3062AD9460000E997C0 /* BLELib2 */,
			);
		};
/* End PBXProject section */

/* Begin PBXResourcesBuildPhase section */
		509DB3052AD9460000E997C0 /* Resources */ = {
			isa = PBXResourcesBuildPhase;
			buildActionMask = 2147483647;
			files = (
			);
			runOnlyForDeploymentPostprocessing = 0;
		};
/* End PBXResourcesBuildPhase section */

/* Begin PBXSourcesBuildPhase section */
		509DB3032AD9460000E997C0 /* Sources */ = {
			isa = PBXSourcesBuildPhase;
			buildActionMask = 2147483647;
			files = (
				509DB3132AD9462A00E997C0 /* Main.m in Sources */,
				50D1E19E2ADEDC9E007FC53E /* AESFunctions.m in Sources */,
			);
			runOnlyForDeploymentPostprocessing = 0;
		};
/* End PBXSourcesBuildPhase section */

/* Begin XCBuildConfiguration section */
		509DB30C2AD9460000E997C0 /* Debug */ = {
			isa = XCBuildConfiguration;
			buildSettings = {
				ALWAYS_SEARCH_USER_PATHS = NO;
				ASSETCATALOG_COMPILER_GENERATE_SWIFT_ASSET_SYMBOL_EXTENSIONS = YES;
				CLANG_ANALYZER_NONNULL = YES;
				CLANG_ANALYZER_NUMBER_OBJECT_CONVERSION = YES_AGGRESSIVE;
				CLANG_CXX_LANGUAGE_STANDARD = "gnu++20";
				CLANG_ENABLE_MODULES = YES;
				CLANG_ENABLE_OBJC_ARC = YES;
				CLANG_ENABLE_OBJC_WEAK = YES;
				CLANG_WARN_BLOCK_CAPTURE_AUTORELEASING = YES;
				CLANG_WARN_BOOL_CONVERSION = YES;
				CLANG_WARN_COMMA = YES;
				CLANG_WARN_CONSTANT_CONVERSION = YES;
				CLANG_WARN_DEPRECATED_OBJC_IMPLEMENTATIONS = YES;
				CLANG_WARN_DIRECT_OBJC_ISA_USAGE = YES_ERROR;
				CLANG_WARN_DOCUMENTATION_COMMENTS = YES;
				CLANG_WARN_EMPTY_BODY = YES;
				CLANG_WARN_ENUM_CONVERSION = YES;
				CLANG_WARN_INFINITE_RECURSION = YES;
				CLANG_WARN_INT_CONVERSION = YES;
				CLANG_WARN_NON_LITERAL_NULL_CONVERSION = YES;
				CLANG_WARN_OBJC_IMPLICIT_RETAIN_SELF = YES;
				CLANG_WARN_OBJC_LITERAL_CONVERSION = YES;
				CLANG_WARN_OBJC_ROOT_CLASS = YES_ERROR;
				CLANG_WARN_QUOTED_INCLUDE_IN_FRAMEWORK_HEADER = YES;
				CLANG_WARN_RANGE_LOOP_ANALYSIS = YES;
				CLANG_WARN_STRICT_PROTOTYPES = YES;
				CLANG_WARN_SUSPICIOUS_MOVE = YES;
				CLANG_WARN_UNGUARDED_AVAILABILITY = YES_AGGRESSIVE;
				CLANG_WARN_UNREACHABLE_CODE = YES;
				CLANG_WARN__DUPLICATE_METHOD_MATCH = YES;
				COPY_PHASE_STRIP = NO;
				CURRENT_PROJECT_VERSION = 1;
				DEBUG_INFORMATION_FORMAT = dwarf;
				ENABLE_STRICT_OBJC_MSGSEND = YES;
				ENABLE_TESTABILITY = YES;
				ENABLE_USER_SCRIPT_SANDBOXING = YES;
				GCC_C_LANGUAGE_STANDARD = gnu17;
				GCC_DYNAMIC_NO_PIC = NO;
				GCC_NO_COMMON_BLOCKS = YES;
				GCC_OPTIMIZATION_LEVEL = 0;
				GCC_PREPROCESSOR_DEFINITIONS = (
					"DEBUG=1",
					"$(inherited)",
				);
				GCC_WARN_64_TO_32_BIT_CONVERSION = YES;
				GCC_WARN_ABOUT_RETURN_TYPE = YES_ERROR;
				GCC_WARN_UNDECLARED_SELECTOR = YES;
				GCC_WARN_UNINITIALIZED_AUTOS = YES_AGGRESSIVE;
				GCC_WARN_UNUSED_FUNCTION = YES;
				GCC_WARN_UNUSED_VARIABLE = YES;
				IPHONEOS_DEPLOYMENT_TARGET = 17.0;
				LOCALIZATION_PREFERS_STRING_CATALOGS = YES;
				MTL_ENABLE_DEBUG_INFO = INCLUDE_SOURCE;
				MTL_FAST_MATH = YES;
				ONLY_ACTIVE_ARCH = YES;
				SDKROOT = iphoneos;
				VERSIONING_SYSTEM = "apple-generic";
				VERSION_INFO_PREFIX = "";
			};
			name = Debug;
		};
		509DB30D2AD9460000E997C0 /* Release */ = {
			isa = XCBuildConfiguration;
			buildSettings = {
				ALWAYS_SEARCH_USER_PATHS = NO;
				ASSETCATALOG_COMPILER_GENERATE_SWIFT_ASSET_SYMBOL_EXTENSIONS = YES;
				CLANG_ANALYZER_NONNULL = YES;
				CLANG_ANALYZER_NUMBER_OBJECT_CONVERSION = YES_AGGRESSIVE;
				CLANG_CXX_LANGUAGE_STANDARD = "gnu++20";
				CLANG_ENABLE_MODULES = YES;
				CLANG_ENABLE_OBJC_ARC = YES;
				CLANG_ENABLE_OBJC_WEAK = YES;
				CLANG_WARN_BLOCK_CAPTURE_AUTORELEASING = YES;
				CLANG_WARN_BOOL_CONVERSION = YES;
				CLANG_WARN_COMMA = YES;
				CLANG_WARN_CONSTANT_CONVERSION = YES;
				CLANG_WARN_DEPRECATED_OBJC_IMPLEMENTATIONS = YES;
				CLANG_WARN_DIRECT_OBJC_ISA_USAGE = YES_ERROR;
				CLANG_WARN_DOCUMENTATION_COMMENTS = YES;
				CLANG_WARN_EMPTY_BODY = YES;
				CLANG_WARN_ENUM_CONVERSION = YES;
				CLANG_WARN_INFINITE_RECURSION = YES;
				CLANG_WARN_INT_CONVERSION = YES;
				CLANG_WARN_NON_LITERAL_NULL_CONVERSION = YES;
				CLANG_WARN_OBJC_IMPLICIT_RETAIN_SELF = YES;
				CLANG_WARN_OBJC_LITERAL_CONVERSION = YES;
				CLANG_WARN_OBJC_ROOT_CLASS = YES_ERROR;
				CLANG_WARN_QUOTED_INCLUDE_IN_FRAMEWORK_HEADER = YES;
				CLANG_WARN_RANGE_LOOP_ANALYSIS = YES;
				CLANG_WARN_STRICT_PROTOTYPES = YES;
				CLANG_WARN_SUSPICIOUS_MOVE = YES;
				CLANG_WARN_UNGUARDED_AVAILABILITY = YES_AGGRESSIVE;
				CLANG_WARN_UNREACHABLE_CODE = YES;
				CLANG_WARN__DUPLICATE_METHOD_MATCH = YES;
				COPY_PHASE_STRIP = NO;
				CURRENT_PROJECT_VERSION = 1;
				DEBUG_INFORMATION_FORMAT = "dwarf-with-dsym";
				ENABLE_NS_ASSERTIONS = NO;
				ENABLE_STRICT_OBJC_MSGSEND = YES;
				ENABLE_USER_SCRIPT_SANDBOXING = YES;
				GCC_C_LANGUAGE_STANDARD = gnu17;
				GCC_NO_COMMON_BLOCKS = YES;
				GCC_WARN_64_TO_32_BIT_CONVERSION = YES;
				GCC_WARN_ABOUT_RETURN_TYPE = YES_ERROR;
				GCC_WARN_UNDECLARED_SELECTOR = YES;
				GCC_WARN_UNINITIALIZED_AUTOS = YES_AGGRESSIVE;
				GCC_WARN_UNUSED_FUNCTION = YES;
				GCC_WARN_UNUSED_VARIABLE = YES;
				IPHONEOS_DEPLOYMENT_TARGET = 17.0;
				LOCALIZATION_PREFERS_STRING_CATALOGS = YES;
				MTL_ENABLE_DEBUG_INFO = NO;
				MTL_FAST_MATH = YES;
				SDKROOT = iphoneos;
				VALIDATE_PRODUCT = YES;
				VERSIONING_SYSTEM = "apple-generic";
				VERSION_INFO_PREFIX = "";
			};
			name = Release;
		};
		509DB30F2AD9460000E997C0 /* Debug */ = {
			isa = XCBuildConfiguration;
			buildSettings = {
				CLANG_WARN_QUOTED_INCLUDE_IN_FRAMEWORK_HEADER = NO;
				CODE_SIGN_STYLE = Automatic;
				CURRENT_PROJECT_VERSION = 1;
				DEFINES_MODULE = YES;
				DEVELOPMENT_TEAM = XYA85FESD6;
				DYLIB_COMPATIBILITY_VERSION = 1;
				DYLIB_CURRENT_VERSION = 1;
				DYLIB_INSTALL_NAME_BASE = "@rpath";
				ENABLE_MODULE_VERIFIER = YES;
				GENERATE_INFOPLIST_FILE = YES;
				INFOPLIST_KEY_NSHumanReadableCopyright = "";
				INSTALL_PATH = "$(LOCAL_LIBRARY_DIR)/Frameworks";
				LD_RUNPATH_SEARCH_PATHS = (
					"$(inherited)",
					"@executable_path/Frameworks",
					"@loader_path/Frameworks",
				);
				MARKETING_VERSION = 1.0;
				MODULE_VERIFIER_SUPPORTED_LANGUAGES = "objective-c objective-c++";
				MODULE_VERIFIER_SUPPORTED_LANGUAGE_STANDARDS = "gnu17 gnu++20";
				OTHER_LDFLAGS = "-Wno-quoted-include-in-framework-header";
				PRODUCT_BUNDLE_IDENTIFIER = com.lorenzoferrante.BLELib2;
				PRODUCT_NAME = "$(TARGET_NAME:c99extidentifier)";
				SKIP_INSTALL = YES;
				SWIFT_EMIT_LOC_STRINGS = YES;
				TARGETED_DEVICE_FAMILY = "1,2";
			};
			name = Debug;
		};
		509DB3102AD9460000E997C0 /* Release */ = {
			isa = XCBuildConfiguration;
			buildSettings = {
				CLANG_WARN_QUOTED_INCLUDE_IN_FRAMEWORK_HEADER = NO;
				CODE_SIGN_STYLE = Automatic;
				CURRENT_PROJECT_VERSION = 1;
				DEFINES_MODULE = YES;
				DEVELOPMENT_TEAM = XYA85FESD6;
				DYLIB_COMPATIBILITY_VERSION = 1;
				DYLIB_CURRENT_VERSION = 1;
				DYLIB_INSTALL_NAME_BASE = "@rpath";
				ENABLE_MODULE_VERIFIER = YES;
				GENERATE_INFOPLIST_FILE = YES;
				INFOPLIST_KEY_NSHumanReadableCopyright = "";
				INSTALL_PATH = "$(LOCAL_LIBRARY_DIR)/Frameworks";
				LD_RUNPATH_SEARCH_PATHS = (
					"$(inherited)",
					"@executable_path/Frameworks",
					"@loader_path/Frameworks",
				);
				MARKETING_VERSION = 1.0;
				MODULE_VERIFIER_SUPPORTED_LANGUAGES = "objective-c objective-c++";
				MODULE_VERIFIER_SUPPORTED_LANGUAGE_STANDARDS = "gnu17 gnu++20";
				OTHER_LDFLAGS = "-Wno-quoted-include-in-framework-header";
				PRODUCT_BUNDLE_IDENTIFIER = com.lorenzoferrante.BLELib2;
				PRODUCT_NAME = "$(TARGET_NAME:c99extidentifier)";
				SKIP_INSTALL = YES;
				SWIFT_EMIT_LOC_STRINGS = YES;
				TARGETED_DEVICE_FAMILY = "1,2";
			};
			name = Release;
		};
/* End XCBuildConfiguration section */

/* Begin XCConfigurationList section */
		509DB3012AD945FF00E997C0 /* Build configuration list for PBXProject "BLELib2" */ = {
			isa = XCConfigurationList;
			buildConfigurations = (
				509DB30C2AD9460000E997C0 /* Debug */,
				509DB30D2AD9460000E997C0 /* Release */,
			);
			defaultConfigurationIsVisible = 0;
			defaultConfigurationName = Release;
		};
		509DB30E2AD9460000E997C0 /* Build configuration list for PBXNativeTarget "BLELib2" */ = {
			isa = XCConfigurationList;
			buildConfigurations = (
				509DB30F2AD9460000E997C0 /* Debug */,
				509DB3102AD9460000E997C0 /* Release */,
			);
			defaultConfigurationIsVisible = 0;
			defaultConfigurationName = Release;
		};
/* End XCConfigurationList section */
	};
	rootObject = 509DB2FE2AD945FF00E997C0 /* Project object */;
}
